
Microsoft Visual Studio Solution File, Format Version 12.00
# Visual Studio Version 17
VisualStudioVersion = 17.2.32526.322
MinimumVisualStudioVersion = 10.0.40219.1
Project("{9A19103F-16F7-4668-BE54-9A1E7A4F7556}") = "MahApps.PrismLibrary.Skeleton", "MahApps.PrismLibrary.Skeleton\MahApps.PrismLibrary.Skeleton.csproj", "{7422AF96-D846-4174-8661-93EA765606BE}"
EndProject
Project("{9A19103F-16F7-4668-BE54-9A1E7A4F7556}") = "MahApps.PrismLibrary.Metro", "MahApps.PrismLibrary.Metro\MahApps.PrismLibrary.Metro.csproj", "{75AD8503-5F19-48AA-B2C7-6690927A709B}"
EndProject
Project("{9A19103F-16F7-4668-BE54-9A1E7A4F7556}") = "MahApps.PrismLibrary.Login", "MahApps.PrismLibrary.Login\MahApps.PrismLibrary.Login.csproj", "{AC2745C5-7FE6-4A2A-B36F-9B43DCD3F22F}"
EndProject
Project("{9A19103F-16F7-4668-BE54-9A1E7A4F7556}") = "MahApps.PrismLibrary.WebView2", "MahApps.PrismLibrary.WebView2\MahApps.PrismLibrary.WebView2.csproj", "{C677F2D7-FC00-4E16-8336-93CED0419EF8}"
EndProject
Global
	GlobalSection(SolutionConfigurationPlatforms) = preSolution
		Debug|Any CPU = Debug|Any CPU
		Release|Any CPU = Release|Any CPU
	EndGlobalSection
	GlobalSection(ProjectConfigurationPlatforms) = postSolution
		{7422AF96-D846-4174-8661-93EA765606BE}.Debug|Any CPU.ActiveCfg = Debug|Any CPU
		{7422AF96-D846-4174-8661-93EA765606BE}.Debug|Any CPU.Build.0 = Debug|Any CPU
		{7422AF96-D846-4174-8661-93EA765606BE}.Release|Any CPU.ActiveCfg = Release|Any CPU
		{7422AF96-D846-4174-8661-93EA765606BE}.Release|Any CPU.Build.0 = Release|Any CPU
		{75AD8503-5F19-48AA-B2C7-6690927A709B}.Debug|Any CPU.ActiveCfg = Debug|Any CPU
		{75AD8503-5F19-48AA-B2C7-6690927A709B}.Debug|Any CPU.Build.0 = Debug|Any CPU
		{75AD8503-5F19-48AA-B2C7-6690927A709B}.Release|Any CPU.ActiveCfg = Release|Any CPU
		{75AD8503-5F19-48AA-B2C7-6690927A709B}.Release|Any CPU.Build.0 = Release|Any CPU
		{AC2745C5-7FE6-4A2A-B36F-9B43DCD3F22F}.Debug|Any CPU.ActiveCfg = Debug|Any CPU
		{AC2745C5-7FE6-4A2A-B36F-9B43DCD3F22F}.Debug|Any CPU.Build.0 = Debug|Any CPU
		{AC2745C5-7FE6-4A2A-B36F-9B43DCD3F22F}.Release|Any CPU.ActiveCfg = Release|Any CPU
		{AC2745C5-7FE6-4A2A-B36F-9B43DCD3F22F}.Release|Any CPU.Build.0 = Release|Any CPU
		{C677F2D7-FC00-4E16-8336-93CED0419EF8}.Debug|Any CPU.ActiveCfg = Debug|Any CPU
		{C677F2D7-FC00-4E16-8336-93CED0419EF8}.Debug|Any CPU.Build.0 = Debug|Any CPU
		{C677F2D7-FC00-4E16-8336-93CED0419EF8}.Release|Any CPU.ActiveCfg = Release|Any CPU
		{C677F2D7-FC00-4E16-8336-93CED0419EF8}.Release|Any CPU.Build.0 = Release|Any CPU
	EndGlobalSection
	GlobalSection(SolutionProperties) = preSolution
		HideSolutionNode = FALSE
	EndGlobalSection
	GlobalSection(ExtensibilityGlobals) = postSolution
		SolutionGuid = {EC1EA8B4-D9BB-4480-8855-E80108CDD7B2}
	EndGlobalSection
EndGlobal
