
Microsoft Visual Studio Solution File, Format Version 12.00
# Visual Studio Version 17
VisualStudioVersion = 17.2.32526.322
MinimumVisualStudioVersion = 10.0.40219.1
Project("{9A19103F-16F7-4668-BE54-9A1E7A4F7556}") = "MahApps.Metro.Skeleton", "MahApps.Metro.Skeleton\MahApps.Metro.Skeleton.csproj", "{8E7A2FDA-2537-45B3-85D4-97D0E5B53414}"
EndProject
Project("{9A19103F-16F7-4668-BE54-9A1E7A4F7556}") = "MahApps.PrismLibrary.Skeleton", "MahApps.PrismLibrary.Skeleton\MahApps.PrismLibrary.Skeleton.csproj", "{7422AF96-D846-4174-8661-93EA765606BE}"
EndProject
Global
	GlobalSection(SolutionConfigurationPlatforms) = preSolution
		Debug|Any CPU = Debug|Any CPU
		Release|Any CPU = Release|Any CPU
	EndGlobalSection
	GlobalSection(ProjectConfigurationPlatforms) = postSolution
		{8E7A2FDA-2537-45B3-85D4-97D0E5B53414}.Debug|Any CPU.ActiveCfg = Debug|Any CPU
		{8E7A2FDA-2537-45B3-85D4-97D0E5B53414}.Debug|Any CPU.Build.0 = Debug|Any CPU
		{8E7A2FDA-2537-45B3-85D4-97D0E5B53414}.Release|Any CPU.ActiveCfg = Release|Any CPU
		{8E7A2FDA-2537-45B3-85D4-97D0E5B53414}.Release|Any CPU.Build.0 = Release|Any CPU
		{7422AF96-D846-4174-8661-93EA765606BE}.Debug|Any CPU.ActiveCfg = Debug|Any CPU
		{7422AF96-D846-4174-8661-93EA765606BE}.Debug|Any CPU.Build.0 = Debug|Any CPU
		{7422AF96-D846-4174-8661-93EA765606BE}.Release|Any CPU.ActiveCfg = Release|Any CPU
		{7422AF96-D846-4174-8661-93EA765606BE}.Release|Any CPU.Build.0 = Release|Any CPU
	EndGlobalSection
	GlobalSection(SolutionProperties) = preSolution
		HideSolutionNode = FALSE
	EndGlobalSection
	GlobalSection(ExtensibilityGlobals) = postSolution
		SolutionGuid = {EC1EA8B4-D9BB-4480-8855-E80108CDD7B2}
	EndGlobalSection
EndGlobal
